
Microsoft Visual Studio Solution File, Format Version 12.00
# Visual Studio Version 16
VisualStudioVersion = 16.0.29001.49
MinimumVisualStudioVersion = 10.0.40219.1
Project("{FAE04EC0-301F-11D3-BF4B-00C04F79EFBC}") = "Herencia", "Herencia\Herencia.csproj", "{D3B8921F-C7E4-4F0E-B81B-406085E5FD1C}"
EndProject
Global
	GlobalSection(SolutionConfigurationPlatforms) = preSolution
		Debug|Any CPU = Debug|Any CPU
		Release|Any CPU = Release|Any CPU
	EndGlobalSection
	GlobalSection(ProjectConfigurationPlatforms) = postSolution
		{D3B8921F-C7E4-4F0E-B81B-406085E5FD1C}.Debug|Any CPU.ActiveCfg = Debug|Any CPU
		{D3B8921F-C7E4-4F0E-B81B-406085E5FD1C}.Debug|Any CPU.Build.0 = Debug|Any CPU
		{D3B8921F-C7E4-4F0E-B81B-406085E5FD1C}.Release|Any CPU.ActiveCfg = Release|Any CPU
		{D3B8921F-C7E4-4F0E-B81B-406085E5FD1C}.Release|Any CPU.Build.0 = Release|Any CPU
	EndGlobalSection
	GlobalSection(SolutionProperties) = preSolution
		HideSolutionNode = FALSE
	EndGlobalSection
	GlobalSection(ExtensibilityGlobals) = postSolution
		SolutionGuid = {1A59F3F4-CD15-4E50-810B-3F81A24C1184}
	EndGlobalSection
EndGlobal
